// !$*UTF8*$!
{
	archiveVersion = 1;
	classes = {
	};
	objectVersion = 46;
	objects = {

/* Begin PBXBuildFile section */
		18308B701F0F2BF000ABC816 /* main.m in Sources */ = {isa = PBXBuildFile; fileRef = 18308B6F1F0F2BF000ABC816 /* main.m */; };
		18308B731F0F2BF000ABC816 /* AppDelegate.m in Sources */ = {isa = PBXBuildFile; fileRef = 18308B721F0F2BF000ABC816 /* AppDelegate.m */; };
		18308B761F0F2BF000ABC816 /* ViewController.m in Sources */ = {isa = PBXBuildFile; fileRef = 18308B751F0F2BF000ABC816 /* ViewController.m */; };
		18308B791F0F2BF000ABC816 /* Main.storyboard in Resources */ = {isa = PBXBuildFile; fileRef = 18308B771F0F2BF000ABC816 /* Main.storyboard */; };
		18308B7B1F0F2BF000ABC816 /* Assets.xcassets in Resources */ = {isa = PBXBuildFile; fileRef = 18308B7A1F0F2BF000ABC816 /* Assets.xcassets */; };
		18308B7E1F0F2BF000ABC816 /* LaunchScreen.storyboard in Resources */ = {isa = PBXBuildFile; fileRef = 18308B7C1F0F2BF000ABC816 /* LaunchScreen.storyboard */; };
		18308B891F0F2BF000ABC816 /* HitoThemeTests.m in Sources */ = {isa = PBXBuildFile; fileRef = 18308B881F0F2BF000ABC816 /* HitoThemeTests.m */; };
		18308B941F0F2BF000ABC816 /* HitoThemeUITests.m in Sources */ = {isa = PBXBuildFile; fileRef = 18308B931F0F2BF000ABC816 /* HitoThemeUITests.m */; };
		18308BB71F0F2C2800ABC816 /* centerViewController.m in Sources */ = {isa = PBXBuildFile; fileRef = 18308BA31F0F2C2800ABC816 /* centerViewController.m */; };
		18308BB81F0F2C2800ABC816 /* HitoViewController.m in Sources */ = {isa = PBXBuildFile; fileRef = 18308BA51F0F2C2800ABC816 /* HitoViewController.m */; };
		18308BB91F0F2C2800ABC816 /* nextViewController.m in Sources */ = {isa = PBXBuildFile; fileRef = 18308BA71F0F2C2800ABC816 /* nextViewController.m */; };
		18308BBA1F0F2C2800ABC816 /* NSObject+HitoThemeCategory.m in Sources */ = {isa = PBXBuildFile; fileRef = 18308BAA1F0F2C2800ABC816 /* NSObject+HitoThemeCategory.m */; };
		18308BBB1F0F2C2800ABC816 /* HitoNavViewController.m in Sources */ = {isa = PBXBuildFile; fileRef = 18308BAD1F0F2C2800ABC816 /* HitoNavViewController.m */; };
		18308BBC1F0F2C2800ABC816 /* HitoTabBar.m in Sources */ = {isa = PBXBuildFile; fileRef = 18308BB11F0F2C2800ABC816 /* HitoTabBar.m */; };
		18308BBD1F0F2C2800ABC816 /* HitoTabBarViewController.m in Sources */ = {isa = PBXBuildFile; fileRef = 18308BB31F0F2C2800ABC816 /* HitoTabBarViewController.m */; };
		18308BBE1F0F2C2800ABC816 /* UIView+HitoCategory.m in Sources */ = {isa = PBXBuildFile; fileRef = 18308BB61F0F2C2800ABC816 /* UIView+HitoCategory.m */; };
/* End PBXBuildFile section */

/* Begin PBXContainerItemProxy section */
		18308B851F0F2BF000ABC816 /* PBXContainerItemProxy */ = {
			isa = PBXContainerItemProxy;
			containerPortal = 18308B631F0F2BF000ABC816 /* Project object */;
			proxyType = 1;
			remoteGlobalIDString = 18308B6A1F0F2BF000ABC816;
			remoteInfo = HitoTheme;
		};
		18308B901F0F2BF000ABC816 /* PBXContainerItemProxy */ = {
			isa = PBXContainerItemProxy;
			containerPortal = 18308B631F0F2BF000ABC816 /* Project object */;
			proxyType = 1;
			remoteGlobalIDString = 18308B6A1F0F2BF000ABC816;
			remoteInfo = HitoTheme;
		};
/* End PBXContainerItemProxy section */

/* Begin PBXFileReference section */
		18308B6B1F0F2BF000ABC816 /* HitoTheme.app */ = {isa = PBXFileReference; explicitFileType = wrapper.application; includeInIndex = 0; path = HitoTheme.app; sourceTree = BUILT_PRODUCTS_DIR; };
		18308B6F1F0F2BF000ABC816 /* main.m */ = {isa = PBXFileReference; lastKnownFileType = sourcecode.c.objc; path = main.m; sourceTree = "<group>"; };
		18308B711F0F2BF000ABC816 /* AppDelegate.h */ = {isa = PBXFileReference; lastKnownFileType = sourcecode.c.h; path = AppDelegate.h; sourceTree = "<group>"; };
		18308B721F0F2BF000ABC816 /* AppDelegate.m */ = {isa = PBXFileReference; lastKnownFileType = sourcecode.c.objc; path = AppDelegate.m; sourceTree = "<group>"; };
		18308B741F0F2BF000ABC816 /* ViewController.h */ = {isa = PBXFileReference; lastKnownFileType = sourcecode.c.h; path = ViewController.h; sourceTree = "<group>"; };
		18308B751F0F2BF000ABC816 /* ViewController.m */ = {isa = PBXFileReference; lastKnownFileType = sourcecode.c.objc; path = ViewController.m; sourceTree = "<group>"; };
		18308B781F0F2BF000ABC816 /* Base */ = {isa = PBXFileReference; lastKnownFileType = file.storyboard; name = Base; path = Base.lproj/Main.storyboard; sourceTree = "<group>"; };
		18308B7A1F0F2BF000ABC816 /* Assets.xcassets */ = {isa = PBXFileReference; lastKnownFileType = folder.assetcatalog; path = Assets.xcassets; sourceTree = "<group>"; };
		18308B7D1F0F2BF000ABC816 /* Base */ = {isa = PBXFileReference; lastKnownFileType = file.storyboard; name = Base; path = Base.lproj/LaunchScreen.storyboard; sourceTree = "<group>"; };
		18308B7F1F0F2BF000ABC816 /* Info.plist */ = {isa = PBXFileReference; lastKnownFileType = text.plist.xml; path = Info.plist; sourceTree = "<group>"; };
		18308B841F0F2BF000ABC816 /* HitoThemeTests.xctest */ = {isa = PBXFileReference; explicitFileType = wrapper.cfbundle; includeInIndex = 0; path = HitoThemeTests.xctest; sourceTree = BUILT_PRODUCTS_DIR; };
		18308B881F0F2BF000ABC816 /* HitoThemeTests.m */ = {isa = PBXFileReference; lastKnownFileType = sourcecode.c.objc; path = HitoThemeTests.m; sourceTree = "<group>"; };
		18308B8A1F0F2BF000ABC816 /* Info.plist */ = {isa = PBXFileReference; lastKnownFileType = text.plist.xml; path = Info.plist; sourceTree = "<group>"; };
		18308B8F1F0F2BF000ABC816 /* HitoThemeUITests.xctest */ = {isa = PBXFileReference; explicitFileType = wrapper.cfbundle; includeInIndex = 0; path = HitoThemeUITests.xctest; sourceTree = BUILT_PRODUCTS_DIR; };
		18308B931F0F2BF000ABC816 /* HitoThemeUITests.m */ = {isa = PBXFileReference; lastKnownFileType = sourcecode.c.objc; path = HitoThemeUITests.m; sourceTree = "<group>"; };
		18308B951F0F2BF000ABC816 /* Info.plist */ = {isa = PBXFileReference; lastKnownFileType = text.plist.xml; path = Info.plist; sourceTree = "<group>"; };
		18308BA21F0F2C2800ABC816 /* centerViewController.h */ = {isa = PBXFileReference; fileEncoding = 4; lastKnownFileType = sourcecode.c.h; path = centerViewController.h; sourceTree = "<group>"; };
		18308BA31F0F2C2800ABC816 /* centerViewController.m */ = {isa = PBXFileReference; fileEncoding = 4; lastKnownFileType = sourcecode.c.objc; path = centerViewController.m; sourceTree = "<group>"; };
		18308BA41F0F2C2800ABC816 /* HitoViewController.h */ = {isa = PBXFileReference; fileEncoding = 4; lastKnownFileType = sourcecode.c.h; path = HitoViewController.h; sourceTree = "<group>"; };
		18308BA51F0F2C2800ABC816 /* HitoViewController.m */ = {isa = PBXFileReference; fileEncoding = 4; lastKnownFileType = sourcecode.c.objc; path = HitoViewController.m; sourceTree = "<group>"; };
		18308BA61F0F2C2800ABC816 /* nextViewController.h */ = {isa = PBXFileReference; fileEncoding = 4; lastKnownFileType = sourcecode.c.h; path = nextViewController.h; sourceTree = "<group>"; };
		18308BA71F0F2C2800ABC816 /* nextViewController.m */ = {isa = PBXFileReference; fileEncoding = 4; lastKnownFileType = sourcecode.c.objc; path = nextViewController.m; sourceTree = "<group>"; };
		18308BA91F0F2C2800ABC816 /* NSObject+HitoThemeCategory.h */ = {isa = PBXFileReference; fileEncoding = 4; lastKnownFileType = sourcecode.c.h; path = "NSObject+HitoThemeCategory.h"; sourceTree = "<group>"; };
		18308BAA1F0F2C2800ABC816 /* NSObject+HitoThemeCategory.m */ = {isa = PBXFileReference; fileEncoding = 4; lastKnownFileType = sourcecode.c.objc; path = "NSObject+HitoThemeCategory.m"; sourceTree = "<group>"; };
		18308BAC1F0F2C2800ABC816 /* HitoNavViewController.h */ = {isa = PBXFileReference; fileEncoding = 4; lastKnownFileType = sourcecode.c.h; path = HitoNavViewController.h; sourceTree = "<group>"; };
		18308BAD1F0F2C2800ABC816 /* HitoNavViewController.m */ = {isa = PBXFileReference; fileEncoding = 4; lastKnownFileType = sourcecode.c.objc; path = HitoNavViewController.m; sourceTree = "<group>"; };
		18308BAE1F0F2C2800ABC816 /* PrefixHeader.pch */ = {isa = PBXFileReference; fileEncoding = 4; lastKnownFileType = sourcecode.c.h; path = PrefixHeader.pch; sourceTree = "<group>"; };
		18308BB01F0F2C2800ABC816 /* HitoTabBar.h */ = {isa = PBXFileReference; fileEncoding = 4; lastKnownFileType = sourcecode.c.h; path = HitoTabBar.h; sourceTree = "<group>"; };
		18308BB11F0F2C2800ABC816 /* HitoTabBar.m */ = {isa = PBXFileReference; fileEncoding = 4; lastKnownFileType = sourcecode.c.objc; path = HitoTabBar.m; sourceTree = "<group>"; };
		18308BB21F0F2C2800ABC816 /* HitoTabBarViewController.h */ = {isa = PBXFileReference; fileEncoding = 4; lastKnownFileType = sourcecode.c.h; path = HitoTabBarViewController.h; sourceTree = "<group>"; };
		18308BB31F0F2C2800ABC816 /* HitoTabBarViewController.m */ = {isa = PBXFileReference; fileEncoding = 4; lastKnownFileType = sourcecode.c.objc; path = HitoTabBarViewController.m; sourceTree = "<group>"; };
		18308BB51F0F2C2800ABC816 /* UIView+HitoCategory.h */ = {isa = PBXFileReference; fileEncoding = 4; lastKnownFileType = sourcecode.c.h; path = "UIView+HitoCategory.h"; sourceTree = "<group>"; };
		18308BB61F0F2C2800ABC816 /* UIView+HitoCategory.m */ = {isa = PBXFileReference; fileEncoding = 4; lastKnownFileType = sourcecode.c.objc; path = "UIView+HitoCategory.m"; sourceTree = "<group>"; };
/* End PBXFileReference section */

/* Begin PBXFrameworksBuildPhase section */
		18308B681F0F2BF000ABC816 /* Frameworks */ = {
			isa = PBXFrameworksBuildPhase;
			buildActionMask = 2147483647;
			files = (
			);
			runOnlyForDeploymentPostprocessing = 0;
		};
		18308B811F0F2BF000ABC816 /* Frameworks */ = {
			isa = PBXFrameworksBuildPhase;
			buildActionMask = 2147483647;
			files = (
			);
			runOnlyForDeploymentPostprocessing = 0;
		};
		18308B8C1F0F2BF000ABC816 /* Frameworks */ = {
			isa = PBXFrameworksBuildPhase;
			buildActionMask = 2147483647;
			files = (
			);
			runOnlyForDeploymentPostprocessing = 0;
		};
/* End PBXFrameworksBuildPhase section */

/* Begin PBXGroup section */
		18308B621F0F2BF000ABC816 = {
			isa = PBXGroup;
			children = (
				18308B6D1F0F2BF000ABC816 /* HitoTheme */,
				18308B871F0F2BF000ABC816 /* HitoThemeTests */,
				18308B921F0F2BF000ABC816 /* HitoThemeUITests */,
				18308B6C1F0F2BF000ABC816 /* Products */,
			);
			sourceTree = "<group>";
		};
		18308B6C1F0F2BF000ABC816 /* Products */ = {
			isa = PBXGroup;
			children = (
				18308B6B1F0F2BF000ABC816 /* HitoTheme.app */,
				18308B841F0F2BF000ABC816 /* HitoThemeTests.xctest */,
				18308B8F1F0F2BF000ABC816 /* HitoThemeUITests.xctest */,
			);
			name = Products;
			sourceTree = "<group>";
		};
		18308B6D1F0F2BF000ABC816 /* HitoTheme */ = {
			isa = PBXGroup;
			children = (
				18308B711F0F2BF000ABC816 /* AppDelegate.h */,
				18308B721F0F2BF000ABC816 /* AppDelegate.m */,
				18308B741F0F2BF000ABC816 /* ViewController.h */,
				18308B751F0F2BF000ABC816 /* ViewController.m */,
				18308BAE1F0F2C2800ABC816 /* PrefixHeader.pch */,
				18308BA11F0F2C2800ABC816 /* controller */,
				18308BA81F0F2C2800ABC816 /* HitoTheme */,
				18308BAB1F0F2C2800ABC816 /* nav */,
				18308BAF1F0F2C2800ABC816 /* tabBar */,
				18308BB41F0F2C2800ABC816 /* view */,
				18308B771F0F2BF000ABC816 /* Main.storyboard */,
				18308B7A1F0F2BF000ABC816 /* Assets.xcassets */,
				18308B7C1F0F2BF000ABC816 /* LaunchScreen.storyboard */,
				18308B7F1F0F2BF000ABC816 /* Info.plist */,
				18308B6E1F0F2BF000ABC816 /* Supporting Files */,
			);
			path = HitoTheme;
			sourceTree = "<group>";
		};
		18308B6E1F0F2BF000ABC816 /* Supporting Files */ = {
			isa = PBXGroup;
			children = (
				18308B6F1F0F2BF000ABC816 /* main.m */,
			);
			name = "Supporting Files";
			sourceTree = "<group>";
		};
		18308B871F0F2BF000ABC816 /* HitoThemeTests */ = {
			isa = PBXGroup;
			children = (
				18308B881F0F2BF000ABC816 /* HitoThemeTests.m */,
				18308B8A1F0F2BF000ABC816 /* Info.plist */,
			);
			path = HitoThemeTests;
			sourceTree = "<group>";
		};
		18308B921F0F2BF000ABC816 /* HitoThemeUITests */ = {
			isa = PBXGroup;
			children = (
				18308B931F0F2BF000ABC816 /* HitoThemeUITests.m */,
				18308B951F0F2BF000ABC816 /* Info.plist */,
			);
			path = HitoThemeUITests;
			sourceTree = "<group>";
		};
		18308BA11F0F2C2800ABC816 /* controller */ = {
			isa = PBXGroup;
			children = (
				18308BA21F0F2C2800ABC816 /* centerViewController.h */,
				18308BA31F0F2C2800ABC816 /* centerViewController.m */,
				18308BA41F0F2C2800ABC816 /* HitoViewController.h */,
				18308BA51F0F2C2800ABC816 /* HitoViewController.m */,
				18308BA61F0F2C2800ABC816 /* nextViewController.h */,
				18308BA71F0F2C2800ABC816 /* nextViewController.m */,
			);
			path = controller;
			sourceTree = "<group>";
		};
		18308BA81F0F2C2800ABC816 /* HitoTheme */ = {
			isa = PBXGroup;
			children = (
				18308BA91F0F2C2800ABC816 /* NSObject+HitoThemeCategory.h */,
				18308BAA1F0F2C2800ABC816 /* NSObject+HitoThemeCategory.m */,
			);
			path = HitoTheme;
			sourceTree = "<group>";
		};
		18308BAB1F0F2C2800ABC816 /* nav */ = {
			isa = PBXGroup;
			children = (
				18308BAC1F0F2C2800ABC816 /* HitoNavViewController.h */,
				18308BAD1F0F2C2800ABC816 /* HitoNavViewController.m */,
			);
			path = nav;
			sourceTree = "<group>";
		};
		18308BAF1F0F2C2800ABC816 /* tabBar */ = {
			isa = PBXGroup;
			children = (
				18308BB01F0F2C2800ABC816 /* HitoTabBar.h */,
				18308BB11F0F2C2800ABC816 /* HitoTabBar.m */,
				18308BB21F0F2C2800ABC816 /* HitoTabBarViewController.h */,
				18308BB31F0F2C2800ABC816 /* HitoTabBarViewController.m */,
			);
			path = tabBar;
			sourceTree = "<group>";
		};
		18308BB41F0F2C2800ABC816 /* view */ = {
			isa = PBXGroup;
			children = (
				18308BB51F0F2C2800ABC816 /* UIView+HitoCategory.h */,
				18308BB61F0F2C2800ABC816 /* UIView+HitoCategory.m */,
			);
			path = view;
			sourceTree = "<group>";
		};
/* End PBXGroup section */

/* Begin PBXNativeTarget section */
		18308B6A1F0F2BF000ABC816 /* HitoTheme */ = {
			isa = PBXNativeTarget;
			buildConfigurationList = 18308B981F0F2BF000ABC816 /* Build configuration list for PBXNativeTarget "HitoTheme" */;
			buildPhases = (
				18308B671F0F2BF000ABC816 /* Sources */,
				18308B681F0F2BF000ABC816 /* Frameworks */,
				18308B691F0F2BF000ABC816 /* Resources */,
			);
			buildRules = (
			);
			dependencies = (
			);
			name = HitoTheme;
			productName = HitoTheme;
			productReference = 18308B6B1F0F2BF000ABC816 /* HitoTheme.app */;
			productType = "com.apple.product-type.application";
		};
		18308B831F0F2BF000ABC816 /* HitoThemeTests */ = {
			isa = PBXNativeTarget;
			buildConfigurationList = 18308B9B1F0F2BF000ABC816 /* Build configuration list for PBXNativeTarget "HitoThemeTests" */;
			buildPhases = (
				18308B801F0F2BF000ABC816 /* Sources */,
				18308B811F0F2BF000ABC816 /* Frameworks */,
				18308B821F0F2BF000ABC816 /* Resources */,
			);
			buildRules = (
			);
			dependencies = (
				18308B861F0F2BF000ABC816 /* PBXTargetDependency */,
			);
			name = HitoThemeTests;
			productName = HitoThemeTests;
			productReference = 18308B841F0F2BF000ABC816 /* HitoThemeTests.xctest */;
			productType = "com.apple.product-type.bundle.unit-test";
		};
		18308B8E1F0F2BF000ABC816 /* HitoThemeUITests */ = {
			isa = PBXNativeTarget;
			buildConfigurationList = 18308B9E1F0F2BF000ABC816 /* Build configuration list for PBXNativeTarget "HitoThemeUITests" */;
			buildPhases = (
				18308B8B1F0F2BF000ABC816 /* Sources */,
				18308B8C1F0F2BF000ABC816 /* Frameworks */,
				18308B8D1F0F2BF000ABC816 /* Resources */,
			);
			buildRules = (
			);
			dependencies = (
				18308B911F0F2BF000ABC816 /* PBXTargetDependency */,
			);
			name = HitoThemeUITests;
			productName = HitoThemeUITests;
			productReference = 18308B8F1F0F2BF000ABC816 /* HitoThemeUITests.xctest */;
			productType = "com.apple.product-type.bundle.ui-testing";
		};
/* End PBXNativeTarget section */

/* Begin PBXProject section */
		18308B631F0F2BF000ABC816 /* Project object */ = {
			isa = PBXProject;
			attributes = {
				LastUpgradeCheck = 0830;
				ORGANIZATIONNAME = KennyHito;
				TargetAttributes = {
					18308B6A1F0F2BF000ABC816 = {
						CreatedOnToolsVersion = 8.3.3;
						DevelopmentTeam = 3PV6M3KT2L;
						ProvisioningStyle = Automatic;
					};
					18308B831F0F2BF000ABC816 = {
						CreatedOnToolsVersion = 8.3.3;
						DevelopmentTeam = 3PV6M3KT2L;
						ProvisioningStyle = Automatic;
						TestTargetID = 18308B6A1F0F2BF000ABC816;
					};
					18308B8E1F0F2BF000ABC816 = {
						CreatedOnToolsVersion = 8.3.3;
						DevelopmentTeam = 3PV6M3KT2L;
						ProvisioningStyle = Automatic;
						TestTargetID = 18308B6A1F0F2BF000ABC816;
					};
				};
			};
			buildConfigurationList = 18308B661F0F2BF000ABC816 /* Build configuration list for PBXProject "HitoTheme" */;
			compatibilityVersion = "Xcode 3.2";
			developmentRegion = English;
			hasScannedForEncodings = 0;
			knownRegions = (
				en,
				Base,
			);
			mainGroup = 18308B621F0F2BF000ABC816;
			productRefGroup = 18308B6C1F0F2BF000ABC816 /* Products */;
			projectDirPath = "";
			projectRoot = "";
			targets = (
				18308B6A1F0F2BF000ABC816 /* HitoTheme */,
				18308B831F0F2BF000ABC816 /* HitoThemeTests */,
				18308B8E1F0F2BF000ABC816 /* HitoThemeUITests */,
			);
		};
/* End PBXProject section */

/* Begin PBXResourcesBuildPhase section */
		18308B691F0F2BF000ABC816 /* Resources */ = {
			isa = PBXResourcesBuildPhase;
			buildActionMask = 2147483647;
			files = (
				18308B7E1F0F2BF000ABC816 /* LaunchScreen.storyboard in Resources */,
				18308B7B1F0F2BF000ABC816 /* Assets.xcassets in Resources */,
				18308B791F0F2BF000ABC816 /* Main.storyboard in Resources */,
			);
			runOnlyForDeploymentPostprocessing = 0;
		};
		18308B821F0F2BF000ABC816 /* Resources */ = {
			isa = PBXResourcesBuildPhase;
			buildActionMask = 2147483647;
			files = (
			);
			runOnlyForDeploymentPostprocessing = 0;
		};
		18308B8D1F0F2BF000ABC816 /* Resources */ = {
			isa = PBXResourcesBuildPhase;
			buildActionMask = 2147483647;
			files = (
			);
			runOnlyForDeploymentPostprocessing = 0;
		};
/* End PBXResourcesBuildPhase section */

/* Begin PBXSourcesBuildPhase section */
		18308B671F0F2BF000ABC816 /* Sources */ = {
			isa = PBXSourcesBuildPhase;
			buildActionMask = 2147483647;
			files = (
				18308B761F0F2BF000ABC816 /* ViewController.m in Sources */,
				18308BB71F0F2C2800ABC816 /* centerViewController.m in Sources */,
				18308BBB1F0F2C2800ABC816 /* HitoNavViewController.m in Sources */,
				18308BBA1F0F2C2800ABC816 /* NSObject+HitoThemeCategory.m in Sources */,
				18308BBE1F0F2C2800ABC816 /* UIView+HitoCategory.m in Sources */,
				18308BBC1F0F2C2800ABC816 /* HitoTabBar.m in Sources */,
				18308B731F0F2BF000ABC816 /* AppDelegate.m in Sources */,
				18308BBD1F0F2C2800ABC816 /* HitoTabBarViewController.m in Sources */,
				18308BB91F0F2C2800ABC816 /* nextViewController.m in Sources */,
				18308B701F0F2BF000ABC816 /* main.m in Sources */,
				18308BB81F0F2C2800ABC816 /* HitoViewController.m in Sources */,
			);
			runOnlyForDeploymentPostprocessing = 0;
		};
		18308B801F0F2BF000ABC816 /* Sources */ = {
			isa = PBXSourcesBuildPhase;
			buildActionMask = 2147483647;
			files = (
				18308B891F0F2BF000ABC816 /* HitoThemeTests.m in Sources */,
			);
			runOnlyForDeploymentPostprocessing = 0;
		};
		18308B8B1F0F2BF000ABC816 /* Sources */ = {
			isa = PBXSourcesBuildPhase;
			buildActionMask = 2147483647;
			files = (
				18308B941F0F2BF000ABC816 /* HitoThemeUITests.m in Sources */,
			);
			runOnlyForDeploymentPostprocessing = 0;
		};
/* End PBXSourcesBuildPhase section */

/* Begin PBXTargetDependency section */
		18308B861F0F2BF000ABC816 /* PBXTargetDependency */ = {
			isa = PBXTargetDependency;
			target = 18308B6A1F0F2BF000ABC816 /* HitoTheme */;
			targetProxy = 18308B851F0F2BF000ABC816 /* PBXContainerItemProxy */;
		};
		18308B911F0F2BF000ABC816 /* PBXTargetDependency */ = {
			isa = PBXTargetDependency;
			target = 18308B6A1F0F2BF000ABC816 /* HitoTheme */;
			targetProxy = 18308B901F0F2BF000ABC816 /* PBXContainerItemProxy */;
		};
/* End PBXTargetDependency section */

/* Begin PBXVariantGroup section */
		18308B771F0F2BF000ABC816 /* Main.storyboard */ = {
			isa = PBXVariantGroup;
			children = (
				18308B781F0F2BF000ABC816 /* Base */,
			);
			name = Main.storyboard;
			sourceTree = "<group>";
		};
		18308B7C1F0F2BF000ABC816 /* LaunchScreen.storyboard */ = {
			isa = PBXVariantGroup;
			children = (
				18308B7D1F0F2BF000ABC816 /* Base */,
			);
			name = LaunchScreen.storyboard;
			sourceTree = "<group>";
		};
/* End PBXVariantGroup section */

/* Begin XCBuildConfiguration section */
		18308B961F0F2BF000ABC816 /* Debug */ = {
			isa = XCBuildConfiguration;
			buildSettings = {
				ALWAYS_SEARCH_USER_PATHS = NO;
				CLANG_ANALYZER_NONNULL = YES;
				CLANG_ANALYZER_NUMBER_OBJECT_CONVERSION = YES_AGGRESSIVE;
				CLANG_CXX_LANGUAGE_STANDARD = "gnu++0x";
				CLANG_CXX_LIBRARY = "libc++";
				CLANG_ENABLE_MODULES = YES;
				CLANG_ENABLE_OBJC_ARC = YES;
				CLANG_WARN_BOOL_CONVERSION = YES;
				CLANG_WARN_CONSTANT_CONVERSION = YES;
				CLANG_WARN_DIRECT_OBJC_ISA_USAGE = YES_ERROR;
				CLANG_WARN_DOCUMENTATION_COMMENTS = YES;
				CLANG_WARN_EMPTY_BODY = YES;
				CLANG_WARN_ENUM_CONVERSION = YES;
				CLANG_WARN_INFINITE_RECURSION = YES;
				CLANG_WARN_INT_CONVERSION = YES;
				CLANG_WARN_OBJC_ROOT_CLASS = YES_ERROR;
				CLANG_WARN_SUSPICIOUS_MOVE = YES;
				CLANG_WARN_UNREACHABLE_CODE = YES;
				CLANG_WARN__DUPLICATE_METHOD_MATCH = YES;
				"CODE_SIGN_IDENTITY[sdk=iphoneos*]" = "iPhone Developer";
				COPY_PHASE_STRIP = NO;
				DEBUG_INFORMATION_FORMAT = dwarf;
				ENABLE_STRICT_OBJC_MSGSEND = YES;
				ENABLE_TESTABILITY = YES;
				GCC_C_LANGUAGE_STANDARD = gnu99;
				GCC_DYNAMIC_NO_PIC = NO;
				GCC_NO_COMMON_BLOCKS = YES;
				GCC_OPTIMIZATION_LEVEL = 0;
				GCC_PREPROCESSOR_DEFINITIONS = (
					"DEBUG=1",
					"$(inherited)",
				);
				GCC_WARN_64_TO_32_BIT_CONVERSION = YES;
				GCC_WARN_ABOUT_RETURN_TYPE = YES_ERROR;
				GCC_WARN_UNDECLARED_SELECTOR = YES;
				GCC_WARN_UNINITIALIZED_AUTOS = YES_AGGRESSIVE;
				GCC_WARN_UNUSED_FUNCTION = YES;
				GCC_WARN_UNUSED_VARIABLE = YES;
				IPHONEOS_DEPLOYMENT_TARGET = 10.3;
				MTL_ENABLE_DEBUG_INFO = YES;
				ONLY_ACTIVE_ARCH = YES;
				SDKROOT = iphoneos;
			};
			name = Debug;
		};
		18308B971F0F2BF000ABC816 /* Release */ = {
			isa = XCBuildConfiguration;
			buildSettings = {
				ALWAYS_SEARCH_USER_PATHS = NO;
				CLANG_ANALYZER_NONNULL = YES;
				CLANG_ANALYZER_NUMBER_OBJECT_CONVERSION = YES_AGGRESSIVE;
				CLANG_CXX_LANGUAGE_STANDARD = "gnu++0x";
				CLANG_CXX_LIBRARY = "libc++";
				CLANG_ENABLE_MODULES = YES;
				CLANG_ENABLE_OBJC_ARC = YES;
				CLANG_WARN_BOOL_CONVERSION = YES;
				CLANG_WARN_CONSTANT_CONVERSION = YES;
				CLANG_WARN_DIRECT_OBJC_ISA_USAGE = YES_ERROR;
				CLANG_WARN_DOCUMENTATION_COMMENTS = YES;
				CLANG_WARN_EMPTY_BODY = YES;
				CLANG_WARN_ENUM_CONVERSION = YES;
				CLANG_WARN_INFINITE_RECURSION = YES;
				CLANG_WARN_INT_CONVERSION = YES;
				CLANG_WARN_OBJC_ROOT_CLASS = YES_ERROR;
				CLANG_WARN_SUSPICIOUS_MOVE = YES;
				CLANG_WARN_UNREACHABLE_CODE = YES;
				CLANG_WARN__DUPLICATE_METHOD_MATCH = YES;
				"CODE_SIGN_IDENTITY[sdk=iphoneos*]" = "iPhone Developer";
				COPY_PHASE_STRIP = NO;
				DEBUG_INFORMATION_FORMAT = "dwarf-with-dsym";
				ENABLE_NS_ASSERTIONS = NO;
				ENABLE_STRICT_OBJC_MSGSEND = YES;
				GCC_C_LANGUAGE_STANDARD = gnu99;
				GCC_NO_COMMON_BLOCKS = YES;
				GCC_WARN_64_TO_32_BIT_CONVERSION = YES;
				GCC_WARN_ABOUT_RETURN_TYPE = YES_ERROR;
				GCC_WARN_UNDECLARED_SELECTOR = YES;
				GCC_WARN_UNINITIALIZED_AUTOS = YES_AGGRESSIVE;
				GCC_WARN_UNUSED_FUNCTION = YES;
				GCC_WARN_UNUSED_VARIABLE = YES;
				IPHONEOS_DEPLOYMENT_TARGET = 10.3;
				MTL_ENABLE_DEBUG_INFO = NO;
				SDKROOT = iphoneos;
				VALIDATE_PRODUCT = YES;
			};
			name = Release;
		};
		18308B991F0F2BF000ABC816 /* Debug */ = {
			isa = XCBuildConfiguration;
			buildSettings = {
				ASSETCATALOG_COMPILER_APPICON_NAME = AppIcon;
				DEVELOPMENT_TEAM = 3PV6M3KT2L;
				GCC_PRECOMPILE_PREFIX_HEADER = YES;
				GCC_PREFIX_HEADER = "$(SRCROOT)/HitoTheme/PrefixHeader.pch";
				INFOPLIST_FILE = HitoTheme/Info.plist;
				IPHONEOS_DEPLOYMENT_TARGET = 8.0;
				LD_RUNPATH_SEARCH_PATHS = "$(inherited) @executable_path/Frameworks";
				PRODUCT_BUNDLE_IDENTIFIER = com.KennyHito.HitoTheme;
				PRODUCT_NAME = "$(TARGET_NAME)";
			};
			name = Debug;
		};
		18308B9A1F0F2BF000ABC816 /* Release */ = {
			isa = XCBuildConfiguration;
			buildSettings = {
				ASSETCATALOG_COMPILER_APPICON_NAME = AppIcon;
				DEVELOPMENT_TEAM = 3PV6M3KT2L;
				GCC_PRECOMPILE_PREFIX_HEADER = YES;
				GCC_PREFIX_HEADER = "$(SRCROOT)/HitoTheme/PrefixHeader.pch";
				INFOPLIST_FILE = HitoTheme/Info.plist;
				IPHONEOS_DEPLOYMENT_TARGET = 8.0;
				LD_RUNPATH_SEARCH_PATHS = "$(inherited) @executable_path/Frameworks";
				PRODUCT_BUNDLE_IDENTIFIER = com.KennyHito.HitoTheme;
				PRODUCT_NAME = "$(TARGET_NAME)";
			};
			name = Release;
		};
		18308B9C1F0F2BF000ABC816 /* Debug */ = {
			isa = XCBuildConfiguration;
			buildSettings = {
				BUNDLE_LOADER = "$(TEST_HOST)";
				DEVELOPMENT_TEAM = 3PV6M3KT2L;
				INFOPLIST_FILE = HitoThemeTests/Info.plist;
				LD_RUNPATH_SEARCH_PATHS = "$(inherited) @executable_path/Frameworks @loader_path/Frameworks";
				PRODUCT_BUNDLE_IDENTIFIER = com.KennyHito.HitoThemeTests;
				PRODUCT_NAME = "$(TARGET_NAME)";
				TEST_HOST = "$(BUILT_PRODUCTS_DIR)/HitoTheme.app/HitoTheme";
			};
			name = Debug;
		};
		18308B9D1F0F2BF000ABC816 /* Release */ = {
			isa = XCBuildConfiguration;
			buildSettings = {
				BUNDLE_LOADER = "$(TEST_HOST)";
				DEVELOPMENT_TEAM = 3PV6M3KT2L;
				INFOPLIST_FILE = HitoThemeTests/Info.plist;
				LD_RUNPATH_SEARCH_PATHS = "$(inherited) @executable_path/Frameworks @loader_path/Frameworks";
				PRODUCT_BUNDLE_IDENTIFIER = com.KennyHito.HitoThemeTests;
				PRODUCT_NAME = "$(TARGET_NAME)";
				TEST_HOST = "$(BUILT_PRODUCTS_DIR)/HitoTheme.app/HitoTheme";
			};
			name = Release;
		};
		18308B9F1F0F2BF000ABC816 /* Debug */ = {
			isa = XCBuildConfiguration;
			buildSettings = {
				DEVELOPMENT_TEAM = 3PV6M3KT2L;
				INFOPLIST_FILE = HitoThemeUITests/Info.plist;
				LD_RUNPATH_SEARCH_PATHS = "$(inherited) @executable_path/Frameworks @loader_path/Frameworks";
				PRODUCT_BUNDLE_IDENTIFIER = com.KennyHito.HitoThemeUITests;
				PRODUCT_NAME = "$(TARGET_NAME)";
				TEST_TARGET_NAME = HitoTheme;
			};
			name = Debug;
		};
		18308BA01F0F2BF000ABC816 /* Release */ = {
			isa = XCBuildConfiguration;
			buildSettings = {
				DEVELOPMENT_TEAM = 3PV6M3KT2L;
				INFOPLIST_FILE = HitoThemeUITests/Info.plist;
				LD_RUNPATH_SEARCH_PATHS = "$(inherited) @executable_path/Frameworks @loader_path/Frameworks";
				PRODUCT_BUNDLE_IDENTIFIER = com.KennyHito.HitoThemeUITests;
				PRODUCT_NAME = "$(TARGET_NAME)";
				TEST_TARGET_NAME = HitoTheme;
			};
			name = Release;
		};
/* End XCBuildConfiguration section */

/* Begin XCConfigurationList section */
		18308B661F0F2BF000ABC816 /* Build configuration list for PBXProject "HitoTheme" */ = {
			isa = XCConfigurationList;
			buildConfigurations = (
				18308B961F0F2BF000ABC816 /* Debug */,
				18308B971F0F2BF000ABC816 /* Release */,
			);
			defaultConfigurationIsVisible = 0;
			defaultConfigurationName = Release;
		};
		18308B981F0F2BF000ABC816 /* Build configuration list for PBXNativeTarget "HitoTheme" */ = {
			isa = XCConfigurationList;
			buildConfigurations = (
				18308B991F0F2BF000ABC816 /* Debug */,
				18308B9A1F0F2BF000ABC816 /* Release */,
			);
			defaultConfigurationIsVisible = 0;
		};
		18308B9B1F0F2BF000ABC816 /* Build configuration list for PBXNativeTarget "HitoThemeTests" */ = {
			isa = XCConfigurationList;
			buildConfigurations = (
				18308B9C1F0F2BF000ABC816 /* Debug */,
				18308B9D1F0F2BF000ABC816 /* Release */,
			);
			defaultConfigurationIsVisible = 0;
		};
		18308B9E1F0F2BF000ABC816 /* Build configuration list for PBXNativeTarget "HitoThemeUITests" */ = {
			isa = XCConfigurationList;
			buildConfigurations = (
				18308B9F1F0F2BF000ABC816 /* Debug */,
				18308BA01F0F2BF000ABC816 /* Release */,
			);
			defaultConfigurationIsVisible = 0;
		};
/* End XCConfigurationList section */
	};
	rootObject = 18308B631F0F2BF000ABC816 /* Project object */;
}
